
Microsoft Visual Studio Solution File, Format Version 12.00
# Visual Studio Version 17
VisualStudioVersion = 17.4.33213.308
MinimumVisualStudioVersion = 10.0.40219.1
Project("{8BC9CEB8-8B4A-11D0-8D11-00A0C91BC942}") = "stone_OOJ_1110", "stone_OOJ_1110\stone_OOJ_1110.vcxproj", "{FEC37996-A7BE-49F1-A944-697A1AAD99EF}"
EndProject
Global
	GlobalSection(SolutionConfigurationPlatforms) = preSolution
		Debug|x64 = Debug|x64
		Debug|x86 = Debug|x86
		Release|x64 = Release|x64
		Release|x86 = Release|x86
	EndGlobalSection
	GlobalSection(ProjectConfigurationPlatforms) = postSolution
		{FEC37996-A7BE-49F1-A944-697A1AAD99EF}.Debug|x64.ActiveCfg = Debug|x64
		{FEC37996-A7BE-49F1-A944-697A1AAD99EF}.Debug|x64.Build.0 = Debug|x64
		{FEC37996-A7BE-49F1-A944-697A1AAD99EF}.Debug|x86.ActiveCfg = Debug|Win32
		{FEC37996-A7BE-49F1-A944-697A1AAD99EF}.Debug|x86.Build.0 = Debug|Win32
		{FEC37996-A7BE-49F1-A944-697A1AAD99EF}.Release|x64.ActiveCfg = Release|x64
		{FEC37996-A7BE-49F1-A944-697A1AAD99EF}.Release|x64.Build.0 = Release|x64
		{FEC37996-A7BE-49F1-A944-697A1AAD99EF}.Release|x86.ActiveCfg = Release|Win32
		{FEC37996-A7BE-49F1-A944-697A1AAD99EF}.Release|x86.Build.0 = Release|Win32
	EndGlobalSection
	GlobalSection(SolutionProperties) = preSolution
		HideSolutionNode = FALSE
	EndGlobalSection
	GlobalSection(ExtensibilityGlobals) = postSolution
		SolutionGuid = {8EC8A0BE-B082-4198-8975-08B4B45FF4E8}
	EndGlobalSection
EndGlobal
