
Microsoft Visual Studio Solution File, Format Version 12.00
# Visual Studio Version 17
VisualStudioVersion = 17.4.33213.308
MinimumVisualStudioVersion = 10.0.40219.1
Project("{8BC9CEB8-8B4A-11D0-8D11-00A0C91BC942}") = "stone_ex5-2", "stone_ex5-2\stone_ex5-2.vcxproj", "{70D33C41-23DF-41C1-A8A9-560B67768178}"
EndProject
Global
	GlobalSection(SolutionConfigurationPlatforms) = preSolution
		Debug|x64 = Debug|x64
		Debug|x86 = Debug|x86
		Release|x64 = Release|x64
		Release|x86 = Release|x86
	EndGlobalSection
	GlobalSection(ProjectConfigurationPlatforms) = postSolution
		{70D33C41-23DF-41C1-A8A9-560B67768178}.Debug|x64.ActiveCfg = Debug|x64
		{70D33C41-23DF-41C1-A8A9-560B67768178}.Debug|x64.Build.0 = Debug|x64
		{70D33C41-23DF-41C1-A8A9-560B67768178}.Debug|x86.ActiveCfg = Debug|Win32
		{70D33C41-23DF-41C1-A8A9-560B67768178}.Debug|x86.Build.0 = Debug|Win32
		{70D33C41-23DF-41C1-A8A9-560B67768178}.Release|x64.ActiveCfg = Release|x64
		{70D33C41-23DF-41C1-A8A9-560B67768178}.Release|x64.Build.0 = Release|x64
		{70D33C41-23DF-41C1-A8A9-560B67768178}.Release|x86.ActiveCfg = Release|Win32
		{70D33C41-23DF-41C1-A8A9-560B67768178}.Release|x86.Build.0 = Release|Win32
	EndGlobalSection
	GlobalSection(SolutionProperties) = preSolution
		HideSolutionNode = FALSE
	EndGlobalSection
	GlobalSection(ExtensibilityGlobals) = postSolution
		SolutionGuid = {C45C5729-F661-4B60-A3C6-DC38F38C4C20}
	EndGlobalSection
EndGlobal
